// !$*UTF8*$!
{
	archiveVersion = 1;
	classes = {
	};
	objectVersion = 50;
	objects = {

/* Begin PBXBuildFile section */
		0C3209EE2219F58100C1CFEA /* AppDelegate.swift in Sources */ = {isa = PBXBuildFile; fileRef = 0C3209ED2219F58100C1CFEA /* AppDelegate.swift */; };
		0C3209F02219F58100C1CFEA /* SplashViewController.swift in Sources */ = {isa = PBXBuildFile; fileRef = 0C3209EF2219F58100C1CFEA /* SplashViewController.swift */; };
		0C3209F32219F58100C1CFEA /* Main.storyboard in Resources */ = {isa = PBXBuildFile; fileRef = 0C3209F12219F58100C1CFEA /* Main.storyboard */; };
		0C3209F52219F58300C1CFEA /* Assets.xcassets in Resources */ = {isa = PBXBuildFile; fileRef = 0C3209F42219F58300C1CFEA /* Assets.xcassets */; };
		0C3209F82219F58300C1CFEA /* LaunchScreen.storyboard in Resources */ = {isa = PBXBuildFile; fileRef = 0C3209F62219F58300C1CFEA /* LaunchScreen.storyboard */; };
		0C320A002219F6AB00C1CFEA /* GoogleService-Info.plist in Resources */ = {isa = PBXBuildFile; fileRef = 0C3209FF2219F6AB00C1CFEA /* GoogleService-Info.plist */; };
		0C858889224BDFF30016A584 /* HomeViewController.swift in Sources */ = {isa = PBXBuildFile; fileRef = 0C858888224BDFF30016A584 /* HomeViewController.swift */; };
		0C85888B224BE6470016A584 /* Themes.swift in Sources */ = {isa = PBXBuildFile; fileRef = 0C85888A224BE6470016A584 /* Themes.swift */; };
		0C85888D224BE6F10016A584 /* locations.geojson in Resources */ = {isa = PBXBuildFile; fileRef = 0C85888C224BE6F10016A584 /* locations.geojson */; };
		0C85888F224BEB310016A584 /* CustomItemView.xib in Resources */ = {isa = PBXBuildFile; fileRef = 0C85888E224BEB310016A584 /* CustomItemView.xib */; };
		0CB038D22268A6D5001D41BD /* ProfileViewController.swift in Sources */ = {isa = PBXBuildFile; fileRef = 0CB038D12268A6D5001D41BD /* ProfileViewController.swift */; };
		0CB038D42268B59B001D41BD /* CurrentUser.swift in Sources */ = {isa = PBXBuildFile; fileRef = 0CB038D32268B59B001D41BD /* CurrentUser.swift */; };
		0CCF3D16225518ED00D8887F /* FilterTableViewController.swift in Sources */ = {isa = PBXBuildFile; fileRef = 0CCF3D15225518ED00D8887F /* FilterTableViewController.swift */; };
		0CCF3D19225BBE8200D8887F /* HomeTableViewController.swift in Sources */ = {isa = PBXBuildFile; fileRef = 0CCF3D17225BBE8200D8887F /* HomeTableViewController.swift */; };
		0CCF3D1A225BBE8200D8887F /* HomeTableViewController.xib in Resources */ = {isa = PBXBuildFile; fileRef = 0CCF3D18225BBE8200D8887F /* HomeTableViewController.xib */; };
		0CE0AF96225BCF0000B961C6 /* User.swift in Sources */ = {isa = PBXBuildFile; fileRef = 0CE0AF94225BCF0000B961C6 /* User.swift */; };
		0CE0AF9A225CEA0200B961C6 /* Location.swift in Sources */ = {isa = PBXBuildFile; fileRef = 0CE0AF99225CEA0200B961C6 /* Location.swift */; };
		0CE0AF9E225D06EC00B961C6 /* LocationTableViewCell.swift in Sources */ = {isa = PBXBuildFile; fileRef = 0CE0AF9D225D06EC00B961C6 /* LocationTableViewCell.swift */; };
		0CE7164D2268E32C00310160 /* Filters.swift in Sources */ = {isa = PBXBuildFile; fileRef = 0CE7164C2268E32C00310160 /* Filters.swift */; };
		3D72F960A107D3943A75B7CD /* Pods_Quiet_Corner.framework in Frameworks */ = {isa = PBXBuildFile; fileRef = 67A18F8BEBA34C7182510C72 /* Pods_Quiet_Corner.framework */; };
/* End PBXBuildFile section */

/* Begin PBXFileReference section */
		0C3209EA2219F58100C1CFEA /* Quiet-Corner.app */ = {isa = PBXFileReference; explicitFileType = wrapper.application; includeInIndex = 0; path = "Quiet-Corner.app"; sourceTree = BUILT_PRODUCTS_DIR; };
		0C3209ED2219F58100C1CFEA /* AppDelegate.swift */ = {isa = PBXFileReference; lastKnownFileType = sourcecode.swift; path = AppDelegate.swift; sourceTree = "<group>"; };
		0C3209EF2219F58100C1CFEA /* SplashViewController.swift */ = {isa = PBXFileReference; lastKnownFileType = sourcecode.swift; path = SplashViewController.swift; sourceTree = "<group>"; };
		0C3209F22219F58100C1CFEA /* Base */ = {isa = PBXFileReference; lastKnownFileType = file.storyboard; name = Base; path = Base.lproj/Main.storyboard; sourceTree = "<group>"; };
		0C3209F42219F58300C1CFEA /* Assets.xcassets */ = {isa = PBXFileReference; lastKnownFileType = folder.assetcatalog; path = Assets.xcassets; sourceTree = "<group>"; };
		0C3209F72219F58300C1CFEA /* Base */ = {isa = PBXFileReference; lastKnownFileType = file.storyboard; name = Base; path = Base.lproj/LaunchScreen.storyboard; sourceTree = "<group>"; };
		0C3209F92219F58300C1CFEA /* Info.plist */ = {isa = PBXFileReference; lastKnownFileType = text.plist.xml; path = Info.plist; sourceTree = "<group>"; };
		0C3209FF2219F6AB00C1CFEA /* GoogleService-Info.plist */ = {isa = PBXFileReference; fileEncoding = 4; lastKnownFileType = text.plist.xml; path = "GoogleService-Info.plist"; sourceTree = "<group>"; };
		0C858888224BDFF30016A584 /* HomeViewController.swift */ = {isa = PBXFileReference; lastKnownFileType = sourcecode.swift; path = HomeViewController.swift; sourceTree = "<group>"; };
		0C85888A224BE6470016A584 /* Themes.swift */ = {isa = PBXFileReference; lastKnownFileType = sourcecode.swift; path = Themes.swift; sourceTree = "<group>"; };
		0C85888C224BE6F10016A584 /* locations.geojson */ = {isa = PBXFileReference; fileEncoding = 4; lastKnownFileType = text; path = locations.geojson; sourceTree = "<group>"; };
		0C85888E224BEB310016A584 /* CustomItemView.xib */ = {isa = PBXFileReference; fileEncoding = 4; lastKnownFileType = file.xib; path = CustomItemView.xib; sourceTree = "<group>"; };
		0CB038D12268A6D5001D41BD /* ProfileViewController.swift */ = {isa = PBXFileReference; lastKnownFileType = sourcecode.swift; path = ProfileViewController.swift; sourceTree = "<group>"; };
		0CB038D32268B59B001D41BD /* CurrentUser.swift */ = {isa = PBXFileReference; lastKnownFileType = sourcecode.swift; path = CurrentUser.swift; sourceTree = "<group>"; };
		0CCF3D15225518ED00D8887F /* FilterTableViewController.swift */ = {isa = PBXFileReference; lastKnownFileType = sourcecode.swift; path = FilterTableViewController.swift; sourceTree = "<group>"; };
		0CCF3D17225BBE8200D8887F /* HomeTableViewController.swift */ = {isa = PBXFileReference; lastKnownFileType = sourcecode.swift; path = HomeTableViewController.swift; sourceTree = "<group>"; };
		0CCF3D18225BBE8200D8887F /* HomeTableViewController.xib */ = {isa = PBXFileReference; lastKnownFileType = file.xib; path = HomeTableViewController.xib; sourceTree = "<group>"; };
		0CE0AF94225BCF0000B961C6 /* User.swift */ = {isa = PBXFileReference; fileEncoding = 4; lastKnownFileType = sourcecode.swift; path = User.swift; sourceTree = "<group>"; };
		0CE0AF99225CEA0200B961C6 /* Location.swift */ = {isa = PBXFileReference; lastKnownFileType = sourcecode.swift; path = Location.swift; sourceTree = "<group>"; };
		0CE0AF9D225D06EC00B961C6 /* LocationTableViewCell.swift */ = {isa = PBXFileReference; lastKnownFileType = sourcecode.swift; path = LocationTableViewCell.swift; sourceTree = "<group>"; };
		0CE7164C2268E32C00310160 /* Filters.swift */ = {isa = PBXFileReference; lastKnownFileType = sourcecode.swift; path = Filters.swift; sourceTree = "<group>"; };
		3E1E7AA9570D32C0B68A67F4 /* Pods-Quiet-Corner.debug.xcconfig */ = {isa = PBXFileReference; includeInIndex = 1; lastKnownFileType = text.xcconfig; name = "Pods-Quiet-Corner.debug.xcconfig"; path = "Target Support Files/Pods-Quiet-Corner/Pods-Quiet-Corner.debug.xcconfig"; sourceTree = "<group>"; };
		67A18F8BEBA34C7182510C72 /* Pods_Quiet_Corner.framework */ = {isa = PBXFileReference; explicitFileType = wrapper.framework; includeInIndex = 0; path = Pods_Quiet_Corner.framework; sourceTree = BUILT_PRODUCTS_DIR; };
		E8499739CA1D5E2491B46D8B /* Pods-Quiet-Corner.release.xcconfig */ = {isa = PBXFileReference; includeInIndex = 1; lastKnownFileType = text.xcconfig; name = "Pods-Quiet-Corner.release.xcconfig"; path = "Target Support Files/Pods-Quiet-Corner/Pods-Quiet-Corner.release.xcconfig"; sourceTree = "<group>"; };
/* End PBXFileReference section */

/* Begin PBXFrameworksBuildPhase section */
		0C3209E72219F58100C1CFEA /* Frameworks */ = {
			isa = PBXFrameworksBuildPhase;
			buildActionMask = 2147483647;
			files = (
				3D72F960A107D3943A75B7CD /* Pods_Quiet_Corner.framework in Frameworks */,
			);
			runOnlyForDeploymentPostprocessing = 0;
		};
/* End PBXFrameworksBuildPhase section */

/* Begin PBXGroup section */
		029A5AD4598481A594514B7A /* Frameworks */ = {
			isa = PBXGroup;
			children = (
				67A18F8BEBA34C7182510C72 /* Pods_Quiet_Corner.framework */,
			);
			name = Frameworks;
			sourceTree = "<group>";
		};
		0C3209E12219F58100C1CFEA = {
			isa = PBXGroup;
			children = (
				0C3209EC2219F58100C1CFEA /* Quiet-Corner */,
				0C3209EB2219F58100C1CFEA /* Products */,
				7715A18DDD55076349DDFE1A /* Pods */,
				029A5AD4598481A594514B7A /* Frameworks */,
			);
			sourceTree = "<group>";
		};
		0C3209EB2219F58100C1CFEA /* Products */ = {
			isa = PBXGroup;
			children = (
				0C3209EA2219F58100C1CFEA /* Quiet-Corner.app */,
			);
			name = Products;
			sourceTree = "<group>";
		};
		0C3209EC2219F58100C1CFEA /* Quiet-Corner */ = {
			isa = PBXGroup;
			children = (
				0C3209F12219F58100C1CFEA /* Main.storyboard */,
				0C3209ED2219F58100C1CFEA /* AppDelegate.swift */,
				0CE0AF92225BCF0000B961C6 /* Models */,
				0CCF3D1C225BBF6700D8887F /* ViewControllers */,
				0C3209F42219F58300C1CFEA /* Assets.xcassets */,
				0C3209F62219F58300C1CFEA /* LaunchScreen.storyboard */,
				0C3209FF2219F6AB00C1CFEA /* GoogleService-Info.plist */,
				0C3209F92219F58300C1CFEA /* Info.plist */,
				0C85888A224BE6470016A584 /* Themes.swift */,
				0CCF3D1D225BBF8C00D8887F /* Data */,
			);
			path = "Quiet-Corner";
			sourceTree = "<group>";
		};
		0CCF3D1C225BBF6700D8887F /* ViewControllers */ = {
			isa = PBXGroup;
			children = (
				0CCF3D17225BBE8200D8887F /* HomeTableViewController.swift */,
				0CCF3D18225BBE8200D8887F /* HomeTableViewController.xib */,
				0C3209EF2219F58100C1CFEA /* SplashViewController.swift */,
				0CCF3D15225518ED00D8887F /* FilterTableViewController.swift */,
				0C858888224BDFF30016A584 /* HomeViewController.swift */,
				0C85888E224BEB310016A584 /* CustomItemView.xib */,
				0CE0AF9D225D06EC00B961C6 /* LocationTableViewCell.swift */,
				0CB038D12268A6D5001D41BD /* ProfileViewController.swift */,
			);
			name = ViewControllers;
			path = "New Group";
			sourceTree = "<group>";
		};
		0CCF3D1D225BBF8C00D8887F /* Data */ = {
			isa = PBXGroup;
			children = (
				0C85888C224BE6F10016A584 /* locations.geojson */,
			);
			path = Data;
			sourceTree = "<group>";
		};
		0CE0AF92225BCF0000B961C6 /* Models */ = {
			isa = PBXGroup;
			children = (
				0CE0AF99225CEA0200B961C6 /* Location.swift */,
				0CE0AF94225BCF0000B961C6 /* User.swift */,
				0CB038D32268B59B001D41BD /* CurrentUser.swift */,
				0CE7164C2268E32C00310160 /* Filters.swift */,
			);
			path = Models;
			sourceTree = "<group>";
		};
		7715A18DDD55076349DDFE1A /* Pods */ = {
			isa = PBXGroup;
			children = (
				3E1E7AA9570D32C0B68A67F4 /* Pods-Quiet-Corner.debug.xcconfig */,
				E8499739CA1D5E2491B46D8B /* Pods-Quiet-Corner.release.xcconfig */,
			);
			path = Pods;
			sourceTree = "<group>";
		};
/* End PBXGroup section */

/* Begin PBXNativeTarget section */
		0C3209E92219F58100C1CFEA /* Quiet-Corner */ = {
			isa = PBXNativeTarget;
			buildConfigurationList = 0C3209FC2219F58300C1CFEA /* Build configuration list for PBXNativeTarget "Quiet-Corner" */;
			buildPhases = (
				EC0B482079DA4F26051E1A18 /* [CP] Check Pods Manifest.lock */,
				0C3209E62219F58100C1CFEA /* Sources */,
				0C3209E72219F58100C1CFEA /* Frameworks */,
				0C3209E82219F58100C1CFEA /* Resources */,
				5A8B97CA54067A83A5444E26 /* [CP] Embed Pods Frameworks */,
				3459D5028A767A84FBE14646 /* [CP] Copy Pods Resources */,
			);
			buildRules = (
			);
			dependencies = (
			);
			name = "Quiet-Corner";
			productName = "Quiet-Corner";
			productReference = 0C3209EA2219F58100C1CFEA /* Quiet-Corner.app */;
			productType = "com.apple.product-type.application";
		};
/* End PBXNativeTarget section */

/* Begin PBXProject section */
		0C3209E22219F58100C1CFEA /* Project object */ = {
			isa = PBXProject;
			attributes = {
				LastSwiftUpdateCheck = 1010;
				LastUpgradeCheck = 1010;
				ORGANIZATIONNAME = Nickiparker;
				TargetAttributes = {
					0C3209E92219F58100C1CFEA = {
						CreatedOnToolsVersion = 10.1;
					};
				};
			};
			buildConfigurationList = 0C3209E52219F58100C1CFEA /* Build configuration list for PBXProject "Quiet-Corner" */;
			compatibilityVersion = "Xcode 9.3";
			developmentRegion = en;
			hasScannedForEncodings = 0;
			knownRegions = (
				en,
				Base,
			);
			mainGroup = 0C3209E12219F58100C1CFEA;
			productRefGroup = 0C3209EB2219F58100C1CFEA /* Products */;
			projectDirPath = "";
			projectRoot = "";
			targets = (
				0C3209E92219F58100C1CFEA /* Quiet-Corner */,
			);
		};
/* End PBXProject section */

/* Begin PBXResourcesBuildPhase section */
		0C3209E82219F58100C1CFEA /* Resources */ = {
			isa = PBXResourcesBuildPhase;
			buildActionMask = 2147483647;
			files = (
				0C85888F224BEB310016A584 /* CustomItemView.xib in Resources */,
				0C3209F82219F58300C1CFEA /* LaunchScreen.storyboard in Resources */,
				0C320A002219F6AB00C1CFEA /* GoogleService-Info.plist in Resources */,
				0CCF3D1A225BBE8200D8887F /* HomeTableViewController.xib in Resources */,
				0C3209F52219F58300C1CFEA /* Assets.xcassets in Resources */,
				0C85888D224BE6F10016A584 /* locations.geojson in Resources */,
				0C3209F32219F58100C1CFEA /* Main.storyboard in Resources */,
			);
			runOnlyForDeploymentPostprocessing = 0;
		};
/* End PBXResourcesBuildPhase section */

/* Begin PBXShellScriptBuildPhase section */
		3459D5028A767A84FBE14646 /* [CP] Copy Pods Resources */ = {
			isa = PBXShellScriptBuildPhase;
			buildActionMask = 2147483647;
			files = (
			);
			inputFileListPaths = (
			);
			inputPaths = (
				"${PODS_ROOT}/Target Support Files/Pods-Quiet-Corner/Pods-Quiet-Corner-resources.sh",
				"${PODS_CONFIGURATION_BUILD_DIR}/FirebaseUI/FirebaseAnonymousAuthUI.bundle",
				"${PODS_CONFIGURATION_BUILD_DIR}/FirebaseUI/FirebaseAuthUI.bundle",
				"${PODS_CONFIGURATION_BUILD_DIR}/FirebaseUI/FirebaseEmailAuthUI.bundle",
				"${PODS_CONFIGURATION_BUILD_DIR}/FirebaseUI/FirebaseFacebookAuthUI.bundle",
				"${PODS_CONFIGURATION_BUILD_DIR}/FirebaseUI/FirebaseGoogleAuthUI.bundle",
				"${PODS_CONFIGURATION_BUILD_DIR}/FirebaseUI/FirebasePhoneAuthUI.bundle",
				"${PODS_CONFIGURATION_BUILD_DIR}/FirebaseUI/FirebaseTwitterAuthUI.bundle",
				"${PODS_ROOT}/GoogleSignIn/Resources/GoogleSignIn.bundle",
				"${PODS_ROOT}/TwitterKit/iOS/TwitterKit.framework/TwitterKitResources.bundle",
			);
			name = "[CP] Copy Pods Resources";
			outputFileListPaths = (
			);
			outputPaths = (
				"${TARGET_BUILD_DIR}/${UNLOCALIZED_RESOURCES_FOLDER_PATH}/FirebaseAnonymousAuthUI.bundle",
				"${TARGET_BUILD_DIR}/${UNLOCALIZED_RESOURCES_FOLDER_PATH}/FirebaseAuthUI.bundle",
				"${TARGET_BUILD_DIR}/${UNLOCALIZED_RESOURCES_FOLDER_PATH}/FirebaseEmailAuthUI.bundle",
				"${TARGET_BUILD_DIR}/${UNLOCALIZED_RESOURCES_FOLDER_PATH}/FirebaseFacebookAuthUI.bundle",
				"${TARGET_BUILD_DIR}/${UNLOCALIZED_RESOURCES_FOLDER_PATH}/FirebaseGoogleAuthUI.bundle",
				"${TARGET_BUILD_DIR}/${UNLOCALIZED_RESOURCES_FOLDER_PATH}/FirebasePhoneAuthUI.bundle",
				"${TARGET_BUILD_DIR}/${UNLOCALIZED_RESOURCES_FOLDER_PATH}/FirebaseTwitterAuthUI.bundle",
				"${TARGET_BUILD_DIR}/${UNLOCALIZED_RESOURCES_FOLDER_PATH}/GoogleSignIn.bundle",
				"${TARGET_BUILD_DIR}/${UNLOCALIZED_RESOURCES_FOLDER_PATH}/TwitterKitResources.bundle",
			);
			runOnlyForDeploymentPostprocessing = 0;
			shellPath = /bin/sh;
			shellScript = "\"${PODS_ROOT}/Target Support Files/Pods-Quiet-Corner/Pods-Quiet-Corner-resources.sh\"\n";
			showEnvVarsInLog = 0;
		};
		5A8B97CA54067A83A5444E26 /* [CP] Embed Pods Frameworks */ = {
			isa = PBXShellScriptBuildPhase;
			buildActionMask = 2147483647;
			files = (
			);
			inputFileListPaths = (
			);
			inputPaths = (
				"${PODS_ROOT}/Target Support Files/Pods-Quiet-Corner/Pods-Quiet-Corner-frameworks.sh",
				"${BUILT_PRODUCTS_DIR}/Bolts/Bolts.framework",
				"${BUILT_PRODUCTS_DIR}/BoringSSL-GRPC/openssl_grpc.framework",
				"${BUILT_PRODUCTS_DIR}/FBSDKCoreKit/FBSDKCoreKit.framework",
				"${BUILT_PRODUCTS_DIR}/FBSDKLoginKit/FBSDKLoginKit.framework",
				"${BUILT_PRODUCTS_DIR}/GTMSessionFetcher/GTMSessionFetcher.framework",
				"${BUILT_PRODUCTS_DIR}/GoogleToolboxForMac/GoogleToolboxForMac.framework",
				"${BUILT_PRODUCTS_DIR}/GoogleUtilities/GoogleUtilities.framework",
				"${PODS_ROOT}/Mapbox-iOS-SDK/dynamic/Mapbox.framework",
				"${PODS_ROOT}/Mapbox-iOS-SDK/dynamic/Mapbox.framework.dSYM",
				"${BUILT_PRODUCTS_DIR}/MapboxDirections.swift/MapboxDirections.framework",
				"${BUILT_PRODUCTS_DIR}/Polyline/Polyline.framework",
				"${BUILT_PRODUCTS_DIR}/Protobuf/Protobuf.framework",
				"${BUILT_PRODUCTS_DIR}/SDWebImage/SDWebImage.framework",
				"${PODS_ROOT}/TwitterCore/iOS/TwitterCore.framework",
				"${PODS_ROOT}/TwitterKit/iOS/TwitterKit.framework",
				"${BUILT_PRODUCTS_DIR}/gRPC-C++/grpcpp.framework",
				"${BUILT_PRODUCTS_DIR}/gRPC-Core/grpc.framework",
				"${BUILT_PRODUCTS_DIR}/leveldb-library/leveldb.framework",
				"${BUILT_PRODUCTS_DIR}/nanopb/nanopb.framework",
			);
			name = "[CP] Embed Pods Frameworks";
			outputFileListPaths = (
			);
			outputPaths = (
				"${TARGET_BUILD_DIR}/${FRAMEWORKS_FOLDER_PATH}/Bolts.framework",
				"${TARGET_BUILD_DIR}/${FRAMEWORKS_FOLDER_PATH}/openssl_grpc.framework",
				"${TARGET_BUILD_DIR}/${FRAMEWORKS_FOLDER_PATH}/FBSDKCoreKit.framework",
				"${TARGET_BUILD_DIR}/${FRAMEWORKS_FOLDER_PATH}/FBSDKLoginKit.framework",
				"${TARGET_BUILD_DIR}/${FRAMEWORKS_FOLDER_PATH}/GTMSessionFetcher.framework",
				"${TARGET_BUILD_DIR}/${FRAMEWORKS_FOLDER_PATH}/GoogleToolboxForMac.framework",
				"${TARGET_BUILD_DIR}/${FRAMEWORKS_FOLDER_PATH}/GoogleUtilities.framework",
				"${TARGET_BUILD_DIR}/${FRAMEWORKS_FOLDER_PATH}/Mapbox.framework",
				"${DWARF_DSYM_FOLDER_PATH}/Mapbox.framework.dSYM",
				"${TARGET_BUILD_DIR}/${FRAMEWORKS_FOLDER_PATH}/MapboxDirections.framework",
				"${TARGET_BUILD_DIR}/${FRAMEWORKS_FOLDER_PATH}/Polyline.framework",
				"${TARGET_BUILD_DIR}/${FRAMEWORKS_FOLDER_PATH}/Protobuf.framework",
				"${TARGET_BUILD_DIR}/${FRAMEWORKS_FOLDER_PATH}/SDWebImage.framework",
				"${TARGET_BUILD_DIR}/${FRAMEWORKS_FOLDER_PATH}/TwitterCore.framework",
				"${TARGET_BUILD_DIR}/${FRAMEWORKS_FOLDER_PATH}/TwitterKit.framework",
				"${TARGET_BUILD_DIR}/${FRAMEWORKS_FOLDER_PATH}/grpcpp.framework",
				"${TARGET_BUILD_DIR}/${FRAMEWORKS_FOLDER_PATH}/grpc.framework",
				"${TARGET_BUILD_DIR}/${FRAMEWORKS_FOLDER_PATH}/leveldb.framework",
				"${TARGET_BUILD_DIR}/${FRAMEWORKS_FOLDER_PATH}/nanopb.framework",
			);
			runOnlyForDeploymentPostprocessing = 0;
			shellPath = /bin/sh;
			shellScript = "\"${PODS_ROOT}/Target Support Files/Pods-Quiet-Corner/Pods-Quiet-Corner-frameworks.sh\"\n";
			showEnvVarsInLog = 0;
		};
		EC0B482079DA4F26051E1A18 /* [CP] Check Pods Manifest.lock */ = {
			isa = PBXShellScriptBuildPhase;
			buildActionMask = 2147483647;
			files = (
			);
			inputFileListPaths = (
			);
			inputPaths = (
				"${PODS_PODFILE_DIR_PATH}/Podfile.lock",
				"${PODS_ROOT}/Manifest.lock",
			);
			name = "[CP] Check Pods Manifest.lock";
			outputFileListPaths = (
			);
			outputPaths = (
				"$(DERIVED_FILE_DIR)/Pods-Quiet-Corner-checkManifestLockResult.txt",
			);
			runOnlyForDeploymentPostprocessing = 0;
			shellPath = /bin/sh;
			shellScript = "diff \"${PODS_PODFILE_DIR_PATH}/Podfile.lock\" \"${PODS_ROOT}/Manifest.lock\" > /dev/null\nif [ $? != 0 ] ; then\n    # print error to STDERR\n    echo \"error: The sandbox is not in sync with the Podfile.lock. Run 'pod install' or update your CocoaPods installation.\" >&2\n    exit 1\nfi\n# This output is used by Xcode 'outputs' to avoid re-running this script phase.\necho \"SUCCESS\" > \"${SCRIPT_OUTPUT_FILE_0}\"\n";
			showEnvVarsInLog = 0;
		};
/* End PBXShellScriptBuildPhase section */

/* Begin PBXSourcesBuildPhase section */
		0C3209E62219F58100C1CFEA /* Sources */ = {
			isa = PBXSourcesBuildPhase;
			buildActionMask = 2147483647;
			files = (
				0CCF3D19225BBE8200D8887F /* HomeTableViewController.swift in Sources */,
				0CCF3D16225518ED00D8887F /* FilterTableViewController.swift in Sources */,
				0CB038D42268B59B001D41BD /* CurrentUser.swift in Sources */,
				0CB038D22268A6D5001D41BD /* ProfileViewController.swift in Sources */,
				0CE0AF9A225CEA0200B961C6 /* Location.swift in Sources */,
				0C3209F02219F58100C1CFEA /* SplashViewController.swift in Sources */,
				0C85888B224BE6470016A584 /* Themes.swift in Sources */,
				0CE0AF96225BCF0000B961C6 /* User.swift in Sources */,
				0C3209EE2219F58100C1CFEA /* AppDelegate.swift in Sources */,
				0CE7164D2268E32C00310160 /* Filters.swift in Sources */,
				0CE0AF9E225D06EC00B961C6 /* LocationTableViewCell.swift in Sources */,
				0C858889224BDFF30016A584 /* HomeViewController.swift in Sources */,
			);
			runOnlyForDeploymentPostprocessing = 0;
		};
/* End PBXSourcesBuildPhase section */

/* Begin PBXVariantGroup section */
		0C3209F12219F58100C1CFEA /* Main.storyboard */ = {
			isa = PBXVariantGroup;
			children = (
				0C3209F22219F58100C1CFEA /* Base */,
			);
			name = Main.storyboard;
			sourceTree = "<group>";
		};
		0C3209F62219F58300C1CFEA /* LaunchScreen.storyboard */ = {
			isa = PBXVariantGroup;
			children = (
				0C3209F72219F58300C1CFEA /* Base */,
			);
			name = LaunchScreen.storyboard;
			sourceTree = "<group>";
		};
/* End PBXVariantGroup section */

/* Begin XCBuildConfiguration section */
		0C3209FA2219F58300C1CFEA /* Debug */ = {
			isa = XCBuildConfiguration;
			buildSettings = {
				ALWAYS_SEARCH_USER_PATHS = NO;
				CLANG_ANALYZER_NONNULL = YES;
				CLANG_ANALYZER_NUMBER_OBJECT_CONVERSION = YES_AGGRESSIVE;
				CLANG_CXX_LANGUAGE_STANDARD = "gnu++14";
				CLANG_CXX_LIBRARY = "libc++";
				CLANG_ENABLE_MODULES = YES;
				CLANG_ENABLE_OBJC_ARC = YES;
				CLANG_ENABLE_OBJC_WEAK = YES;
				CLANG_WARN_BLOCK_CAPTURE_AUTORELEASING = YES;
				CLANG_WARN_BOOL_CONVERSION = YES;
				CLANG_WARN_COMMA = YES;
				CLANG_WARN_CONSTANT_CONVERSION = YES;
				CLANG_WARN_DEPRECATED_OBJC_IMPLEMENTATIONS = YES;
				CLANG_WARN_DIRECT_OBJC_ISA_USAGE = YES_ERROR;
				CLANG_WARN_DOCUMENTATION_COMMENTS = YES;
				CLANG_WARN_EMPTY_BODY = YES;
				CLANG_WARN_ENUM_CONVERSION = YES;
				CLANG_WARN_INFINITE_RECURSION = YES;
				CLANG_WARN_INT_CONVERSION = YES;
				CLANG_WARN_NON_LITERAL_NULL_CONVERSION = YES;
				CLANG_WARN_OBJC_IMPLICIT_RETAIN_SELF = YES;
				CLANG_WARN_OBJC_LITERAL_CONVERSION = YES;
				CLANG_WARN_OBJC_ROOT_CLASS = YES_ERROR;
				CLANG_WARN_RANGE_LOOP_ANALYSIS = YES;
				CLANG_WARN_STRICT_PROTOTYPES = YES;
				CLANG_WARN_SUSPICIOUS_MOVE = YES;
				CLANG_WARN_UNGUARDED_AVAILABILITY = YES_AGGRESSIVE;
				CLANG_WARN_UNREACHABLE_CODE = YES;
				CLANG_WARN__DUPLICATE_METHOD_MATCH = YES;
				CODE_SIGN_IDENTITY = "iPhone Developer";
				COPY_PHASE_STRIP = NO;
				DEBUG_INFORMATION_FORMAT = dwarf;
				ENABLE_STRICT_OBJC_MSGSEND = YES;
				ENABLE_TESTABILITY = YES;
				GCC_C_LANGUAGE_STANDARD = gnu11;
				GCC_DYNAMIC_NO_PIC = NO;
				GCC_NO_COMMON_BLOCKS = YES;
				GCC_OPTIMIZATION_LEVEL = 0;
				GCC_PREPROCESSOR_DEFINITIONS = (
					"DEBUG=1",
					"$(inherited)",
				);
				GCC_WARN_64_TO_32_BIT_CONVERSION = YES;
				GCC_WARN_ABOUT_RETURN_TYPE = YES_ERROR;
				GCC_WARN_UNDECLARED_SELECTOR = YES;
				GCC_WARN_UNINITIALIZED_AUTOS = YES_AGGRESSIVE;
				GCC_WARN_UNUSED_FUNCTION = YES;
				GCC_WARN_UNUSED_VARIABLE = YES;
				IPHONEOS_DEPLOYMENT_TARGET = 12.1;
				MTL_ENABLE_DEBUG_INFO = INCLUDE_SOURCE;
				MTL_FAST_MATH = YES;
				ONLY_ACTIVE_ARCH = YES;
				SDKROOT = iphoneos;
				SWIFT_ACTIVE_COMPILATION_CONDITIONS = DEBUG;
				SWIFT_OPTIMIZATION_LEVEL = "-Onone";
			};
			name = Debug;
		};
		0C3209FB2219F58300C1CFEA /* Release */ = {
			isa = XCBuildConfiguration;
			buildSettings = {
				ALWAYS_SEARCH_USER_PATHS = NO;
				CLANG_ANALYZER_NONNULL = YES;
				CLANG_ANALYZER_NUMBER_OBJECT_CONVERSION = YES_AGGRESSIVE;
				CLANG_CXX_LANGUAGE_STANDARD = "gnu++14";
				CLANG_CXX_LIBRARY = "libc++";
				CLANG_ENABLE_MODULES = YES;
				CLANG_ENABLE_OBJC_ARC = YES;
				CLANG_ENABLE_OBJC_WEAK = YES;
				CLANG_WARN_BLOCK_CAPTURE_AUTORELEASING = YES;
				CLANG_WARN_BOOL_CONVERSION = YES;
				CLANG_WARN_COMMA = YES;
				CLANG_WARN_CONSTANT_CONVERSION = YES;
				CLANG_WARN_DEPRECATED_OBJC_IMPLEMENTATIONS = YES;
				CLANG_WARN_DIRECT_OBJC_ISA_USAGE = YES_ERROR;
				CLANG_WARN_DOCUMENTATION_COMMENTS = YES;
				CLANG_WARN_EMPTY_BODY = YES;
				CLANG_WARN_ENUM_CONVERSION = YES;
				CLANG_WARN_INFINITE_RECURSION = YES;
				CLANG_WARN_INT_CONVERSION = YES;
				CLANG_WARN_NON_LITERAL_NULL_CONVERSION = YES;
				CLANG_WARN_OBJC_IMPLICIT_RETAIN_SELF = YES;
				CLANG_WARN_OBJC_LITERAL_CONVERSION = YES;
				CLANG_WARN_OBJC_ROOT_CLASS = YES_ERROR;
				CLANG_WARN_RANGE_LOOP_ANALYSIS = YES;
				CLANG_WARN_STRICT_PROTOTYPES = YES;
				CLANG_WARN_SUSPICIOUS_MOVE = YES;
				CLANG_WARN_UNGUARDED_AVAILABILITY = YES_AGGRESSIVE;
				CLANG_WARN_UNREACHABLE_CODE = YES;
				CLANG_WARN__DUPLICATE_METHOD_MATCH = YES;
				CODE_SIGN_IDENTITY = "iPhone Developer";
				COPY_PHASE_STRIP = NO;
				DEBUG_INFORMATION_FORMAT = "dwarf-with-dsym";
				ENABLE_NS_ASSERTIONS = NO;
				ENABLE_STRICT_OBJC_MSGSEND = YES;
				GCC_C_LANGUAGE_STANDARD = gnu11;
				GCC_NO_COMMON_BLOCKS = YES;
				GCC_WARN_64_TO_32_BIT_CONVERSION = YES;
				GCC_WARN_ABOUT_RETURN_TYPE = YES_ERROR;
				GCC_WARN_UNDECLARED_SELECTOR = YES;
				GCC_WARN_UNINITIALIZED_AUTOS = YES_AGGRESSIVE;
				GCC_WARN_UNUSED_FUNCTION = YES;
				GCC_WARN_UNUSED_VARIABLE = YES;
				IPHONEOS_DEPLOYMENT_TARGET = 12.1;
				MTL_ENABLE_DEBUG_INFO = NO;
				MTL_FAST_MATH = YES;
				SDKROOT = iphoneos;
				SWIFT_COMPILATION_MODE = wholemodule;
				SWIFT_OPTIMIZATION_LEVEL = "-O";
				VALIDATE_PRODUCT = YES;
			};
			name = Release;
		};
		0C3209FD2219F58300C1CFEA /* Debug */ = {
			isa = XCBuildConfiguration;
			baseConfigurationReference = 3E1E7AA9570D32C0B68A67F4 /* Pods-Quiet-Corner.debug.xcconfig */;
			buildSettings = {
				ASSETCATALOG_COMPILER_APPICON_NAME = AppIcon;
				CODE_SIGN_STYLE = Automatic;
				DEVELOPMENT_TEAM = G8P4W53N58;
				FRAMEWORK_SEARCH_PATHS = (
					"$(inherited)",
					"$(PROJECT_DIR)",
				);
				INFOPLIST_FILE = "Quiet-Corner/Info.plist";
				LD_RUNPATH_SEARCH_PATHS = (
					"$(inherited)",
					"@executable_path/Frameworks",
				);
				PRODUCT_BUNDLE_IDENTIFIER = "co.uk.n1xk1-yahoo.Quiet-Corner";
				PRODUCT_NAME = "$(TARGET_NAME)";
				SWIFT_VERSION = 4.2;
				TARGETED_DEVICE_FAMILY = "1,2";
			};
			name = Debug;
		};
		0C3209FE2219F58300C1CFEA /* Release */ = {
			isa = XCBuildConfiguration;
			baseConfigurationReference = E8499739CA1D5E2491B46D8B /* Pods-Quiet-Corner.release.xcconfig */;
			buildSettings = {
				ASSETCATALOG_COMPILER_APPICON_NAME = AppIcon;
				CODE_SIGN_STYLE = Automatic;
				DEVELOPMENT_TEAM = G8P4W53N58;
				FRAMEWORK_SEARCH_PATHS = (
					"$(inherited)",
					"$(PROJECT_DIR)",
				);
				INFOPLIST_FILE = "Quiet-Corner/Info.plist";
				LD_RUNPATH_SEARCH_PATHS = (
					"$(inherited)",
					"@executable_path/Frameworks",
				);
				PRODUCT_BUNDLE_IDENTIFIER = "co.uk.n1xk1-yahoo.Quiet-Corner";
				PRODUCT_NAME = "$(TARGET_NAME)";
				SWIFT_VERSION = 4.2;
				TARGETED_DEVICE_FAMILY = "1,2";
			};
			name = Release;
		};
/* End XCBuildConfiguration section */

/* Begin XCConfigurationList section */
		0C3209E52219F58100C1CFEA /* Build configuration list for PBXProject "Quiet-Corner" */ = {
			isa = XCConfigurationList;
			buildConfigurations = (
				0C3209FA2219F58300C1CFEA /* Debug */,
				0C3209FB2219F58300C1CFEA /* Release */,
			);
			defaultConfigurationIsVisible = 0;
			defaultConfigurationName = Release;
		};
		0C3209FC2219F58300C1CFEA /* Build configuration list for PBXNativeTarget "Quiet-Corner" */ = {
			isa = XCConfigurationList;
			buildConfigurations = (
				0C3209FD2219F58300C1CFEA /* Debug */,
				0C3209FE2219F58300C1CFEA /* Release */,
			);
			defaultConfigurationIsVisible = 0;
			defaultConfigurationName = Release;
		};
/* End XCConfigurationList section */
	};
	rootObject = 0C3209E22219F58100C1CFEA /* Project object */;
}
